lockfileVersion: '9.0'

settings:
  autoInstallPeers: true
  excludeLinksFromLockfile: false

importers:

  .:
    devDependencies:
      '@tsrpc/tsconfig':
        specifier: workspace:*
        version: link:packages/tsconfig
      oxlint:
        specifier: ^1.29.0
        version: 1.29.0(oxlint-tsgolint@0.7.3)
      oxlint-tsgolint:
        specifier: ^0.7.3
        version: 0.7.3
      prettier:
        specifier: ^3.6.2
        version: 3.6.2
      typescript:
        specifier: ^5.9.3
        version: 5.9.3

  packages/_template:
    dependencies:
      '@tsrpc/tsconfig':
        specifier: workspace:*
        version: link:../tsconfig
    devDependencies:
      typescript:
        specifier: ^5.9.3
        version: 5.9.3

  packages/tsconfig: {}

packages:

  '@oxlint-tsgolint/darwin-arm64@0.7.3':
    resolution: {integrity: sha512-sXFK4PNIroAEhn/iLG4pHTsxk1QIGRlBWHEp+UEt0WBQ8ZCTJA78oD2aBfyerU0yhjdnjo5mC/I/qkcIoT+U8Q==}
    cpu: [arm64]
    os: [darwin]

  '@oxlint-tsgolint/darwin-x64@0.7.3':
    resolution: {integrity: sha512-pvMlfTzEKSv6vBEyAjfmjH2U7w6dXuZDMbbemNwoTaSEhNF3ATOsus3DjAbmLoJ3hcfCpq74wXz1WAXkF6Q8nQ==}
    cpu: [x64]
    os: [darwin]

  '@oxlint-tsgolint/linux-arm64@0.7.3':
    resolution: {integrity: sha512-Dif/hkoFkJLlNE0IYQqphn43rGhB+7uOymyV/7X20ELpAn5/1ulOjgPjyAKRdhpHuv8V3fZ2hPIXzsstKNDoTw==}
    cpu: [arm64]
    os: [linux]

  '@oxlint-tsgolint/linux-x64@0.7.3':
    resolution: {integrity: sha512-3SxmJHrhfMDAKnUP9PWWT1MDllRNqj+1ErrIRcfneZDR6omC87qUPTTBMk1qo2ITdWBjHGg0dYI338D2ZavscQ==}
    cpu: [x64]
    os: [linux]

  '@oxlint-tsgolint/win32-arm64@0.7.3':
    resolution: {integrity: sha512-xln+rfc7tBtSckdKTLfKL1TMii/u1Wb6FMWq/TgldhIgtCc8q9P2dTV8sgmqKtAukD5bJk/XpKUfvPpsH/6XPA==}
    cpu: [arm64]
    os: [win32]

  '@oxlint-tsgolint/win32-x64@0.7.3':
    resolution: {integrity: sha512-dY0QMk6CoIwaombt/7uVQ9WNzNpK16M720Y4Y3lnOi9m8jhIKdGBercYwzc/HMxNwSPWXYwcEFIH0sA/gA5jHQ==}
    cpu: [x64]
    os: [win32]

  '@oxlint/darwin-arm64@1.29.0':
    resolution: {integrity: sha512-XYsieDAI0kXJyvayHnmOW1qVydqklRRVT4O5eZmO/rdNCku5CoXsZvBvkPc3U8/9V1mRuen1sxbM9T5JsZqhdA==}
    cpu: [arm64]
    os: [darwin]

  '@oxlint/darwin-x64@1.29.0':
    resolution: {integrity: sha512-s+Ch5/4zDJ6wsOk95xY3BS5mtE2JzHLz7gVZ9OWA9EvhVO84wz2YbDp2JaA314yyqhlX5SAkZ6fj3BRMIcQIqg==}
    cpu: [x64]
    os: [darwin]

  '@oxlint/linux-arm64-gnu@1.29.0':
    resolution: {integrity: sha512-qLCgdUkDBG8muK1o3mPgf31rvCPzj1Xff9DHlJjfv+B0ee/hJ2LAoK8EIsQedfQuuiAccOe9GG65BivGCTgKOg==}
    cpu: [arm64]
    os: [linux]
    libc: [glibc]

  '@oxlint/linux-arm64-musl@1.29.0':
    resolution: {integrity: sha512-qe62yb1fyW51wo1VBpx9AJJ1Ih1T8NYDeR9AmpNGkrmKN8u3pPbcGXM4mCrOwpwJUG9M/oFvCIlIz2RhawHlkA==}
    cpu: [arm64]
    os: [linux]
    libc: [musl]

  '@oxlint/linux-x64-gnu@1.29.0':
    resolution: {integrity: sha512-4x7p2iVoSE2aT9qI1JOLxUAv3UuzMYGBYWBA4ZF8ln99AdUo1eo0snFacPNd6I/ZZNcv5TegXC+0EUhp5MfYBw==}
    cpu: [x64]
    os: [linux]
    libc: [glibc]

  '@oxlint/linux-x64-musl@1.29.0':
    resolution: {integrity: sha512-BdH5gdRpaYpyZn2Zm+MCS4b1YmXNe7QyQhw0fawuou+N1LrdAyELgvqI5xXZ1MXCgWDOa6WJaoE6VOPaDc29GA==}
    cpu: [x64]
    os: [linux]
    libc: [musl]

  '@oxlint/win32-arm64@1.29.0':
    resolution: {integrity: sha512-y+j9ZDrnMxvRTNIstZKFY7gJD07nT++c4cGmub1ENvhoHVToiQAAZQUOLDhXXRzCrFoG/cFJXJf72uowHZPbcg==}
    cpu: [arm64]
    os: [win32]

  '@oxlint/win32-x64@1.29.0':
    resolution: {integrity: sha512-F1iRtq8VT96lT8hqOubLyV0GxgIK/XdXk2kFLXdCspiI2ngXeNmTTvmPxrj+WFL6fpJPgv7VKWRb/zEHJnNOrg==}
    cpu: [x64]
    os: [win32]

  oxlint-tsgolint@0.7.3:
    resolution: {integrity: sha512-EPR8Flfz01EuqDKq0wiv2T6Cpazt+NQ/SFB4FkwZAL5et8ex6sGWS5D82WG/GTKydu5YM0uWg7SHgBdLHuG/pg==}
    hasBin: true

  oxlint@1.29.0:
    resolution: {integrity: sha512-YqUVUhTYDqazV2qu3QSQn/H4Z1OP+fTnedgZWDk1/lDZxGfR0b1MqRVaEm3rRjBMLHP0zXlriIWUx+DD6UMaPA==}
    engines: {node: ^20.19.0 || >=22.12.0}
    hasBin: true
    peerDependencies:
      oxlint-tsgolint: '>=0.7.1'
    peerDependenciesMeta:
      oxlint-tsgolint:
        optional: true

  prettier@3.6.2:
    resolution: {integrity: sha512-I7AIg5boAr5R0FFtJ6rCfD+LFsWHp81dolrFD8S79U9tb8Az2nGrJncnMSnys+bpQJfRUzqs9hnA81OAA3hCuQ==}
    engines: {node: '>=14'}
    hasBin: true

  typescript@5.9.3:
    resolution: {integrity: sha512-jl1vZzPDinLr9eUt3J/t7V6FgNEw9QjvBPdysz9KfQDD41fQrC2Y4vKQdiaUpFT4bXlb1RHhLpp8wtm6M5TgSw==}
    engines: {node: '>=14.17'}
    hasBin: true

snapshots:

  '@oxlint-tsgolint/darwin-arm64@0.7.3':
    optional: true

  '@oxlint-tsgolint/darwin-x64@0.7.3':
    optional: true

  '@oxlint-tsgolint/linux-arm64@0.7.3':
    optional: true

  '@oxlint-tsgolint/linux-x64@0.7.3':
    optional: true

  '@oxlint-tsgolint/win32-arm64@0.7.3':
    optional: true

  '@oxlint-tsgolint/win32-x64@0.7.3':
    optional: true

  '@oxlint/darwin-arm64@1.29.0':
    optional: true

  '@oxlint/darwin-x64@1.29.0':
    optional: true

  '@oxlint/linux-arm64-gnu@1.29.0':
    optional: true

  '@oxlint/linux-arm64-musl@1.29.0':
    optional: true

  '@oxlint/linux-x64-gnu@1.29.0':
    optional: true

  '@oxlint/linux-x64-musl@1.29.0':
    optional: true

  '@oxlint/win32-arm64@1.29.0':
    optional: true

  '@oxlint/win32-x64@1.29.0':
    optional: true

  oxlint-tsgolint@0.7.3:
    optionalDependencies:
      '@oxlint-tsgolint/darwin-arm64': 0.7.3
      '@oxlint-tsgolint/darwin-x64': 0.7.3
      '@oxlint-tsgolint/linux-arm64': 0.7.3
      '@oxlint-tsgolint/linux-x64': 0.7.3
      '@oxlint-tsgolint/win32-arm64': 0.7.3
      '@oxlint-tsgolint/win32-x64': 0.7.3

  oxlint@1.29.0(oxlint-tsgolint@0.7.3):
    optionalDependencies:
      '@oxlint/darwin-arm64': 1.29.0
      '@oxlint/darwin-x64': 1.29.0
      '@oxlint/linux-arm64-gnu': 1.29.0
      '@oxlint/linux-arm64-musl': 1.29.0
      '@oxlint/linux-x64-gnu': 1.29.0
      '@oxlint/linux-x64-musl': 1.29.0
      '@oxlint/win32-arm64': 1.29.0
      '@oxlint/win32-x64': 1.29.0
      oxlint-tsgolint: 0.7.3

  prettier@3.6.2: {}

  typescript@5.9.3: {}
